
Microsoft Visual Studio Solution File, Format Version 12.00
# Visual Studio Version 16
VisualStudioVersion = 16.0.29411.108
MinimumVisualStudioVersion = 10.0.40219.1
Project("{FAE04EC0-301F-11D3-BF4B-00C04F79EFBC}") = "api", "api\api.csproj", "{97DCFCE0-DC57-4021-8AEB-2B361CAC466F}"
EndProject
Global
	GlobalSection(SolutionConfigurationPlatforms) = preSolution
		Debug|Any CPU = Debug|Any CPU
		Release|Any CPU = Release|Any CPU
	EndGlobalSection
	GlobalSection(ProjectConfigurationPlatforms) = postSolution
		{97DCFCE0-DC57-4021-8AEB-2B361CAC466F}.Debug|Any CPU.ActiveCfg = Debug|Any CPU
		{97DCFCE0-DC57-4021-8AEB-2B361CAC466F}.Debug|Any CPU.Build.0 = Debug|Any CPU
		{97DCFCE0-DC57-4021-8AEB-2B361CAC466F}.Release|Any CPU.ActiveCfg = Release|Any CPU
		{97DCFCE0-DC57-4021-8AEB-2B361CAC466F}.Release|Any CPU.Build.0 = Release|Any CPU
	EndGlobalSection
	GlobalSection(SolutionProperties) = preSolution
		HideSolutionNode = FALSE
	EndGlobalSection
	GlobalSection(ExtensibilityGlobals) = postSolution
		SolutionGuid = {A7467610-FA84-49B9-97F2-E36A030D004F}
	EndGlobalSection
EndGlobal
